
Microsoft Visual Studio Solution File, Format Version 12.00
# Visual Studio Version 16
VisualStudioVersion = 16.0.31313.79
MinimumVisualStudioVersion = 10.0.40219.1
Project("{8BC9CEB8-8B4A-11D0-8D11-00A0C91BC942}") = "OpenCV_Training", "OpenCV_Training.vcxproj", "{707EE106-AA9C-4009-995E-7D2C27586EAE}"
EndProject
Global
	GlobalSection(SolutionConfigurationPlatforms) = preSolution
		Debug|x64 = Debug|x64
		Debug|x86 = Debug|x86
		Release|x64 = Release|x64
		Release|x86 = Release|x86
	EndGlobalSection
	GlobalSection(ProjectConfigurationPlatforms) = postSolution
		{707EE106-AA9C-4009-995E-7D2C27586EAE}.Debug|x64.ActiveCfg = Debug|x64
		{707EE106-AA9C-4009-995E-7D2C27586EAE}.Debug|x64.Build.0 = Debug|x64
		{707EE106-AA9C-4009-995E-7D2C27586EAE}.Debug|x86.ActiveCfg = Debug|Win32
		{707EE106-AA9C-4009-995E-7D2C27586EAE}.Debug|x86.Build.0 = Debug|Win32
		{707EE106-AA9C-4009-995E-7D2C27586EAE}.Release|x64.ActiveCfg = Release|x64
		{707EE106-AA9C-4009-995E-7D2C27586EAE}.Release|x64.Build.0 = Release|x64
		{707EE106-AA9C-4009-995E-7D2C27586EAE}.Release|x86.ActiveCfg = Release|Win32
		{707EE106-AA9C-4009-995E-7D2C27586EAE}.Release|x86.Build.0 = Release|Win32
	EndGlobalSection
	GlobalSection(SolutionProperties) = preSolution
		HideSolutionNode = FALSE
	EndGlobalSection
	GlobalSection(ExtensibilityGlobals) = postSolution
		SolutionGuid = {BF7F6C64-ECEB-4D98-ACF4-7ED8C52B7567}
	EndGlobalSection
EndGlobal
